
Microsoft Visual Studio Solution File, Format Version 12.00
# Visual Studio 15
VisualStudioVersion = 15.0.28307.489
MinimumVisualStudioVersion = 10.0.40219.1
Project("{FAE04EC0-301F-11D3-BF4B-00C04F79EFBC}") = "PhilsLendingLibrary", "PhilsLendingLibrary\PhilsLendingLibrary.csproj", "{DD04957C-2211-499B-9A06-C3B05FCD2D19}"
EndProject
Project("{FAE04EC0-301F-11D3-BF4B-00C04F79EFBC}") = "PhilsLendingLibrary_TDD", "PhilsLendingLibrary_TDD\PhilsLendingLibrary_TDD.csproj", "{FFD4AE54-379C-4EE3-B5FC-2CBF6E8C12D3}"
EndProject
Global
	GlobalSection(SolutionConfigurationPlatforms) = preSolution
		Debug|Any CPU = Debug|Any CPU
		Release|Any CPU = Release|Any CPU
	EndGlobalSection
	GlobalSection(ProjectConfigurationPlatforms) = postSolution
		{DD04957C-2211-499B-9A06-C3B05FCD2D19}.Debug|Any CPU.ActiveCfg = Debug|Any CPU
		{DD04957C-2211-499B-9A06-C3B05FCD2D19}.Debug|Any CPU.Build.0 = Debug|Any CPU
		{DD04957C-2211-499B-9A06-C3B05FCD2D19}.Release|Any CPU.ActiveCfg = Release|Any CPU
		{DD04957C-2211-499B-9A06-C3B05FCD2D19}.Release|Any CPU.Build.0 = Release|Any CPU
		{FFD4AE54-379C-4EE3-B5FC-2CBF6E8C12D3}.Debug|Any CPU.ActiveCfg = Debug|Any CPU
		{FFD4AE54-379C-4EE3-B5FC-2CBF6E8C12D3}.Debug|Any CPU.Build.0 = Debug|Any CPU
		{FFD4AE54-379C-4EE3-B5FC-2CBF6E8C12D3}.Release|Any CPU.ActiveCfg = Release|Any CPU
		{FFD4AE54-379C-4EE3-B5FC-2CBF6E8C12D3}.Release|Any CPU.Build.0 = Release|Any CPU
	EndGlobalSection
	GlobalSection(SolutionProperties) = preSolution
		HideSolutionNode = FALSE
	EndGlobalSection
	GlobalSection(ExtensibilityGlobals) = postSolution
		SolutionGuid = {1883B5E4-3A3D-4B1C-A038-7542E16ECA61}
	EndGlobalSection
EndGlobal
